
Microsoft Visual Studio Solution File, Format Version 12.00
# Visual Studio 15
VisualStudioVersion = 15.0.27004.2009
MinimumVisualStudioVersion = 10.0.40219.1
Project("{2150E333-8FDC-42A3-9474-1A3956D46DE8}") = "Service", "Service", "{1AEDF181-A458-4EC8-9078-738243EBE4D9}"
EndProject
Project("{9A19103F-16F7-4668-BE54-9A1E7A4F7556}") = "DAL", "Service\DAL\DAL.csproj", "{DF398B32-8FFE-4EEE-9944-BCB716857BC4}"
EndProject
Project("{FAE04EC0-301F-11D3-BF4B-00C04F79EFBC}") = "DataManager", "Service\DataManager\DataManager.csproj", "{D266CE5E-F298-4A70-81C1-98D884598B0B}"
EndProject
Project("{9A19103F-16F7-4668-BE54-9A1E7A4F7556}") = "DBTransactionHelper", "Service\DBTransactionHelper\DBTransactionHelper.csproj", "{D92B0910-42A0-4FA3-B7DB-3C343FBE3812}"
EndProject
Project("{FAE04EC0-301F-11D3-BF4B-00C04F79EFBC}") = "Model", "Service\Model\Model.csproj", "{CB5A7662-C97B-4323-9D1F-45B1E57B4C0B}"
EndProject
Project("{9A19103F-16F7-4668-BE54-9A1E7A4F7556}") = "Server", "Service\Server\Server.csproj", "{438BEFC5-5774-4691-8E8C-35B0F7CAFA74}"
EndProject
Project("{FAE04EC0-301F-11D3-BF4B-00C04F79EFBC}") = "Log", "Service\Log\Log.csproj", "{8C8B5ABE-5649-4A9A-A493-13430C61D524}"
EndProject
Project("{FAE04EC0-301F-11D3-BF4B-00C04F79EFBC}") = "Common", "Service\Common\Common.csproj", "{5A7D99EC-A7FE-4A03-9557-51BB89619501}"
EndProject
Project("{FAE04EC0-301F-11D3-BF4B-00C04F79EFBC}") = "WebLoader", "Service\WebLoader\WebLoader.csproj", "{67B0E53C-E180-4F72-ADAD-7DDCAB67EC67}"
EndProject
Global
	GlobalSection(SolutionConfigurationPlatforms) = preSolution
		Debug|Any CPU = Debug|Any CPU
		Debug|x64 = Debug|x64
		Debug|x86 = Debug|x86
		Release|Any CPU = Release|Any CPU
		Release|x64 = Release|x64
		Release|x86 = Release|x86
	EndGlobalSection
	GlobalSection(ProjectConfigurationPlatforms) = postSolution
		{DF398B32-8FFE-4EEE-9944-BCB716857BC4}.Debug|Any CPU.ActiveCfg = Debug|Any CPU
		{DF398B32-8FFE-4EEE-9944-BCB716857BC4}.Debug|Any CPU.Build.0 = Debug|Any CPU
		{DF398B32-8FFE-4EEE-9944-BCB716857BC4}.Debug|x64.ActiveCfg = Debug|x64
		{DF398B32-8FFE-4EEE-9944-BCB716857BC4}.Debug|x64.Build.0 = Debug|x64
		{DF398B32-8FFE-4EEE-9944-BCB716857BC4}.Debug|x86.ActiveCfg = Debug|x86
		{DF398B32-8FFE-4EEE-9944-BCB716857BC4}.Debug|x86.Build.0 = Debug|x86
		{DF398B32-8FFE-4EEE-9944-BCB716857BC4}.Release|Any CPU.ActiveCfg = Release|Any CPU
		{DF398B32-8FFE-4EEE-9944-BCB716857BC4}.Release|Any CPU.Build.0 = Release|Any CPU
		{DF398B32-8FFE-4EEE-9944-BCB716857BC4}.Release|x64.ActiveCfg = Release|x64
		{DF398B32-8FFE-4EEE-9944-BCB716857BC4}.Release|x64.Build.0 = Release|x64
		{DF398B32-8FFE-4EEE-9944-BCB716857BC4}.Release|x86.ActiveCfg = Release|x86
		{DF398B32-8FFE-4EEE-9944-BCB716857BC4}.Release|x86.Build.0 = Release|x86
		{D266CE5E-F298-4A70-81C1-98D884598B0B}.Debug|Any CPU.ActiveCfg = Debug|Any CPU
		{D266CE5E-F298-4A70-81C1-98D884598B0B}.Debug|Any CPU.Build.0 = Debug|Any CPU
		{D266CE5E-F298-4A70-81C1-98D884598B0B}.Debug|x64.ActiveCfg = Debug|x64
		{D266CE5E-F298-4A70-81C1-98D884598B0B}.Debug|x64.Build.0 = Debug|x64
		{D266CE5E-F298-4A70-81C1-98D884598B0B}.Debug|x86.ActiveCfg = Debug|x86
		{D266CE5E-F298-4A70-81C1-98D884598B0B}.Debug|x86.Build.0 = Debug|x86
		{D266CE5E-F298-4A70-81C1-98D884598B0B}.Release|Any CPU.ActiveCfg = Release|Any CPU
		{D266CE5E-F298-4A70-81C1-98D884598B0B}.Release|Any CPU.Build.0 = Release|Any CPU
		{D266CE5E-F298-4A70-81C1-98D884598B0B}.Release|x64.ActiveCfg = Release|x64
		{D266CE5E-F298-4A70-81C1-98D884598B0B}.Release|x64.Build.0 = Release|x64
		{D266CE5E-F298-4A70-81C1-98D884598B0B}.Release|x86.ActiveCfg = Release|x86
		{D266CE5E-F298-4A70-81C1-98D884598B0B}.Release|x86.Build.0 = Release|x86
		{D92B0910-42A0-4FA3-B7DB-3C343FBE3812}.Debug|Any CPU.ActiveCfg = Debug|Any CPU
		{D92B0910-42A0-4FA3-B7DB-3C343FBE3812}.Debug|Any CPU.Build.0 = Debug|Any CPU
		{D92B0910-42A0-4FA3-B7DB-3C343FBE3812}.Debug|x64.ActiveCfg = Debug|x64
		{D92B0910-42A0-4FA3-B7DB-3C343FBE3812}.Debug|x64.Build.0 = Debug|x64
		{D92B0910-42A0-4FA3-B7DB-3C343FBE3812}.Debug|x86.ActiveCfg = Debug|x86
		{D92B0910-42A0-4FA3-B7DB-3C343FBE3812}.Debug|x86.Build.0 = Debug|x86
		{D92B0910-42A0-4FA3-B7DB-3C343FBE3812}.Release|Any CPU.ActiveCfg = Release|Any CPU
		{D92B0910-42A0-4FA3-B7DB-3C343FBE3812}.Release|Any CPU.Build.0 = Release|Any CPU
		{D92B0910-42A0-4FA3-B7DB-3C343FBE3812}.Release|x64.ActiveCfg = Release|x64
		{D92B0910-42A0-4FA3-B7DB-3C343FBE3812}.Release|x64.Build.0 = Release|x64
		{D92B0910-42A0-4FA3-B7DB-3C343FBE3812}.Release|x86.ActiveCfg = Release|x86
		{D92B0910-42A0-4FA3-B7DB-3C343FBE3812}.Release|x86.Build.0 = Release|x86
		{CB5A7662-C97B-4323-9D1F-45B1E57B4C0B}.Debug|Any CPU.ActiveCfg = Debug|Any CPU
		{CB5A7662-C97B-4323-9D1F-45B1E57B4C0B}.Debug|Any CPU.Build.0 = Debug|Any CPU
		{CB5A7662-C97B-4323-9D1F-45B1E57B4C0B}.Debug|x64.ActiveCfg = Debug|x64
		{CB5A7662-C97B-4323-9D1F-45B1E57B4C0B}.Debug|x64.Build.0 = Debug|x64
		{CB5A7662-C97B-4323-9D1F-45B1E57B4C0B}.Debug|x86.ActiveCfg = Debug|x86
		{CB5A7662-C97B-4323-9D1F-45B1E57B4C0B}.Debug|x86.Build.0 = Debug|x86
		{CB5A7662-C97B-4323-9D1F-45B1E57B4C0B}.Release|Any CPU.ActiveCfg = Release|Any CPU
		{CB5A7662-C97B-4323-9D1F-45B1E57B4C0B}.Release|Any CPU.Build.0 = Release|Any CPU
		{CB5A7662-C97B-4323-9D1F-45B1E57B4C0B}.Release|x64.ActiveCfg = Release|x64
		{CB5A7662-C97B-4323-9D1F-45B1E57B4C0B}.Release|x64.Build.0 = Release|x64
		{CB5A7662-C97B-4323-9D1F-45B1E57B4C0B}.Release|x86.ActiveCfg = Release|x86
		{CB5A7662-C97B-4323-9D1F-45B1E57B4C0B}.Release|x86.Build.0 = Release|x86
		{438BEFC5-5774-4691-8E8C-35B0F7CAFA74}.Debug|Any CPU.ActiveCfg = Debug|Any CPU
		{438BEFC5-5774-4691-8E8C-35B0F7CAFA74}.Debug|Any CPU.Build.0 = Debug|Any CPU
		{438BEFC5-5774-4691-8E8C-35B0F7CAFA74}.Debug|x64.ActiveCfg = Debug|x64
		{438BEFC5-5774-4691-8E8C-35B0F7CAFA74}.Debug|x64.Build.0 = Debug|x64
		{438BEFC5-5774-4691-8E8C-35B0F7CAFA74}.Debug|x86.ActiveCfg = Debug|x86
		{438BEFC5-5774-4691-8E8C-35B0F7CAFA74}.Debug|x86.Build.0 = Debug|x86
		{438BEFC5-5774-4691-8E8C-35B0F7CAFA74}.Release|Any CPU.ActiveCfg = Release|Any CPU
		{438BEFC5-5774-4691-8E8C-35B0F7CAFA74}.Release|Any CPU.Build.0 = Release|Any CPU
		{438BEFC5-5774-4691-8E8C-35B0F7CAFA74}.Release|x64.ActiveCfg = Release|x64
		{438BEFC5-5774-4691-8E8C-35B0F7CAFA74}.Release|x64.Build.0 = Release|x64
		{438BEFC5-5774-4691-8E8C-35B0F7CAFA74}.Release|x86.ActiveCfg = Release|x86
		{438BEFC5-5774-4691-8E8C-35B0F7CAFA74}.Release|x86.Build.0 = Release|x86
		{8C8B5ABE-5649-4A9A-A493-13430C61D524}.Debug|Any CPU.ActiveCfg = Debug|Any CPU
		{8C8B5ABE-5649-4A9A-A493-13430C61D524}.Debug|Any CPU.Build.0 = Debug|Any CPU
		{8C8B5ABE-5649-4A9A-A493-13430C61D524}.Debug|x64.ActiveCfg = Debug|x64
		{8C8B5ABE-5649-4A9A-A493-13430C61D524}.Debug|x64.Build.0 = Debug|x64
		{8C8B5ABE-5649-4A9A-A493-13430C61D524}.Debug|x86.ActiveCfg = Debug|x86
		{8C8B5ABE-5649-4A9A-A493-13430C61D524}.Debug|x86.Build.0 = Debug|x86
		{8C8B5ABE-5649-4A9A-A493-13430C61D524}.Release|Any CPU.ActiveCfg = Release|Any CPU
		{8C8B5ABE-5649-4A9A-A493-13430C61D524}.Release|Any CPU.Build.0 = Release|Any CPU
		{8C8B5ABE-5649-4A9A-A493-13430C61D524}.Release|x64.ActiveCfg = Release|x64
		{8C8B5ABE-5649-4A9A-A493-13430C61D524}.Release|x64.Build.0 = Release|x64
		{8C8B5ABE-5649-4A9A-A493-13430C61D524}.Release|x86.ActiveCfg = Release|x86
		{8C8B5ABE-5649-4A9A-A493-13430C61D524}.Release|x86.Build.0 = Release|x86
		{5A7D99EC-A7FE-4A03-9557-51BB89619501}.Debug|Any CPU.ActiveCfg = Debug|Any CPU
		{5A7D99EC-A7FE-4A03-9557-51BB89619501}.Debug|Any CPU.Build.0 = Debug|Any CPU
		{5A7D99EC-A7FE-4A03-9557-51BB89619501}.Debug|x64.ActiveCfg = Debug|x64
		{5A7D99EC-A7FE-4A03-9557-51BB89619501}.Debug|x64.Build.0 = Debug|x64
		{5A7D99EC-A7FE-4A03-9557-51BB89619501}.Debug|x86.ActiveCfg = Debug|x86
		{5A7D99EC-A7FE-4A03-9557-51BB89619501}.Debug|x86.Build.0 = Debug|x86
		{5A7D99EC-A7FE-4A03-9557-51BB89619501}.Release|Any CPU.ActiveCfg = Release|Any CPU
		{5A7D99EC-A7FE-4A03-9557-51BB89619501}.Release|Any CPU.Build.0 = Release|Any CPU
		{5A7D99EC-A7FE-4A03-9557-51BB89619501}.Release|x64.ActiveCfg = Release|x64
		{5A7D99EC-A7FE-4A03-9557-51BB89619501}.Release|x64.Build.0 = Release|x64
		{5A7D99EC-A7FE-4A03-9557-51BB89619501}.Release|x86.ActiveCfg = Release|x86
		{5A7D99EC-A7FE-4A03-9557-51BB89619501}.Release|x86.Build.0 = Release|x86
		{67B0E53C-E180-4F72-ADAD-7DDCAB67EC67}.Debug|Any CPU.ActiveCfg = Debug|Any CPU
		{67B0E53C-E180-4F72-ADAD-7DDCAB67EC67}.Debug|Any CPU.Build.0 = Debug|Any CPU
		{67B0E53C-E180-4F72-ADAD-7DDCAB67EC67}.Debug|x64.ActiveCfg = Debug|x64
		{67B0E53C-E180-4F72-ADAD-7DDCAB67EC67}.Debug|x64.Build.0 = Debug|x64
		{67B0E53C-E180-4F72-ADAD-7DDCAB67EC67}.Debug|x86.ActiveCfg = Debug|x86
		{67B0E53C-E180-4F72-ADAD-7DDCAB67EC67}.Debug|x86.Build.0 = Debug|x86
		{67B0E53C-E180-4F72-ADAD-7DDCAB67EC67}.Release|Any CPU.ActiveCfg = Release|Any CPU
		{67B0E53C-E180-4F72-ADAD-7DDCAB67EC67}.Release|Any CPU.Build.0 = Release|Any CPU
		{67B0E53C-E180-4F72-ADAD-7DDCAB67EC67}.Release|x64.ActiveCfg = Release|Any CPU
		{67B0E53C-E180-4F72-ADAD-7DDCAB67EC67}.Release|x64.Build.0 = Release|Any CPU
		{67B0E53C-E180-4F72-ADAD-7DDCAB67EC67}.Release|x86.ActiveCfg = Release|Any CPU
		{67B0E53C-E180-4F72-ADAD-7DDCAB67EC67}.Release|x86.Build.0 = Release|Any CPU
	EndGlobalSection
	GlobalSection(SolutionProperties) = preSolution
		HideSolutionNode = FALSE
	EndGlobalSection
	GlobalSection(NestedProjects) = preSolution
		{DF398B32-8FFE-4EEE-9944-BCB716857BC4} = {1AEDF181-A458-4EC8-9078-738243EBE4D9}
		{D266CE5E-F298-4A70-81C1-98D884598B0B} = {1AEDF181-A458-4EC8-9078-738243EBE4D9}
		{D92B0910-42A0-4FA3-B7DB-3C343FBE3812} = {1AEDF181-A458-4EC8-9078-738243EBE4D9}
		{CB5A7662-C97B-4323-9D1F-45B1E57B4C0B} = {1AEDF181-A458-4EC8-9078-738243EBE4D9}
		{438BEFC5-5774-4691-8E8C-35B0F7CAFA74} = {1AEDF181-A458-4EC8-9078-738243EBE4D9}
		{8C8B5ABE-5649-4A9A-A493-13430C61D524} = {1AEDF181-A458-4EC8-9078-738243EBE4D9}
		{5A7D99EC-A7FE-4A03-9557-51BB89619501} = {1AEDF181-A458-4EC8-9078-738243EBE4D9}
		{67B0E53C-E180-4F72-ADAD-7DDCAB67EC67} = {1AEDF181-A458-4EC8-9078-738243EBE4D9}
	EndGlobalSection
	GlobalSection(ExtensibilityGlobals) = postSolution
		SolutionGuid = {7A0D0466-EE69-4A9E-AEAA-616DC47AA07B}
	EndGlobalSection
EndGlobal
